
Microsoft Visual Studio Solution File, Format Version 12.00
# Visual Studio Version 17
VisualStudioVersion = 17.0.31903.59
MinimumVisualStudioVersion = 10.0.40219.1
Project("{2150E333-8FDC-42A3-9474-1A3956D46DE8}") = "Tests", "Tests", "{A5A84AA0-0B34-4BA3-B8F0-3AB3DDF9DB40}"
EndProject
Project("{2150E333-8FDC-42A3-9474-1A3956D46DE8}") = "Services", "Services", "{E29DA8F3-D859-49D5-85C4-7DFE848DDE27}"
EndProject
Project("{9A19103F-16F7-4668-BE54-9A1E7A4F7556}") = "RuiSantos.Labs.Data.Dynamodb", "Modules\RuiSantos.Labs.Data.Dynamodb\RuiSantos.Labs.Data.Dynamodb.csproj", "{D4E9A02D-9CFE-451E-8247-8CEC3536E490}"
EndProject
Project("{2150E333-8FDC-42A3-9474-1A3956D46DE8}") = "Applications", "Applications", "{DB45FB4E-957C-4A14-8821-35418EEB474D}"
EndProject
Project("{9A19103F-16F7-4668-BE54-9A1E7A4F7556}") = "RuiSantos.Labs.Api", "Server\RuiSantos.Labs.Api\RuiSantos.Labs.Api.csproj", "{DB6CFD8C-3122-4CAC-B2A1-D9A4182923EB}"
EndProject
Project("{9A19103F-16F7-4668-BE54-9A1E7A4F7556}") = "RuiSantos.Labs.Core", "Server\RuiSantos.Labs.Core\RuiSantos.Labs.Core.csproj", "{76D640BD-A6E3-4A17-8FCD-C0BC7354DE57}"
EndProject
Project("{9A19103F-16F7-4668-BE54-9A1E7A4F7556}") = "RuiSantos.Labs.GraphQL", "Modules\RuiSantos.Labs.GraphQL\RuiSantos.Labs.GraphQL.csproj", "{6A6DB3C4-530B-4AB2-891F-4BAF3777251A}"
EndProject
Project("{9A19103F-16F7-4668-BE54-9A1E7A4F7556}") = "RuiSantos.Labs.Tests", "Tests\RuiSantos.Labs.Tests\RuiSantos.Labs.Tests.csproj", "{C31C76FE-6EDE-4D96-945F-1E11C1FA75ED}"
EndProject
Project("{9A19103F-16F7-4668-BE54-9A1E7A4F7556}") = "RuiSantos.Labs.Client", "Server\RuiSantos.Labs.Client\RuiSantos.Labs.Client.csproj", "{11D06CE5-CD99-4C40-9313-C7AEC09CA82F}"
EndProject
Project("{2150E333-8FDC-42A3-9474-1A3956D46DE8}") = "Configuration", "Configuration", "{50EDB1FD-DE27-47E5-BEB1-FAF1DEFE6B98}"
	ProjectSection(SolutionItems) = preProject
		docker-compose.yml = docker-compose.yml
		Dockerfile = Dockerfile
		Makefile = Makefile
		README.md = README.md
	EndProjectSection
EndProject
Project("{2150E333-8FDC-42A3-9474-1A3956D46DE8}") = "Domain", "Domain", "{8DE9189E-1864-4981-BB80-316D44F4E2FD}"
EndProject
Project("{9A19103F-16F7-4668-BE54-9A1E7A4F7556}") = "RuiSantos.Labs.Infrastrucutre.Tests", "Tests\RuiSantos.Labs.Infrastrucutre.Tests\RuiSantos.Labs.Infrastrucutre.Tests.csproj", "{6BDE6FD6-1DED-43DE-8825-0B161613C186}"
EndProject
Global
	GlobalSection(SolutionConfigurationPlatforms) = preSolution
		Debug|Any CPU = Debug|Any CPU
		Release|Any CPU = Release|Any CPU
	EndGlobalSection
	GlobalSection(ProjectConfigurationPlatforms) = postSolution
		{D4E9A02D-9CFE-451E-8247-8CEC3536E490}.Debug|Any CPU.ActiveCfg = Debug|Any CPU
		{D4E9A02D-9CFE-451E-8247-8CEC3536E490}.Debug|Any CPU.Build.0 = Debug|Any CPU
		{D4E9A02D-9CFE-451E-8247-8CEC3536E490}.Release|Any CPU.ActiveCfg = Release|Any CPU
		{D4E9A02D-9CFE-451E-8247-8CEC3536E490}.Release|Any CPU.Build.0 = Release|Any CPU
		{DB6CFD8C-3122-4CAC-B2A1-D9A4182923EB}.Debug|Any CPU.ActiveCfg = Debug|Any CPU
		{DB6CFD8C-3122-4CAC-B2A1-D9A4182923EB}.Debug|Any CPU.Build.0 = Debug|Any CPU
		{DB6CFD8C-3122-4CAC-B2A1-D9A4182923EB}.Release|Any CPU.ActiveCfg = Release|Any CPU
		{DB6CFD8C-3122-4CAC-B2A1-D9A4182923EB}.Release|Any CPU.Build.0 = Release|Any CPU
		{76D640BD-A6E3-4A17-8FCD-C0BC7354DE57}.Debug|Any CPU.ActiveCfg = Debug|Any CPU
		{76D640BD-A6E3-4A17-8FCD-C0BC7354DE57}.Debug|Any CPU.Build.0 = Debug|Any CPU
		{76D640BD-A6E3-4A17-8FCD-C0BC7354DE57}.Release|Any CPU.ActiveCfg = Release|Any CPU
		{76D640BD-A6E3-4A17-8FCD-C0BC7354DE57}.Release|Any CPU.Build.0 = Release|Any CPU
		{6A6DB3C4-530B-4AB2-891F-4BAF3777251A}.Debug|Any CPU.ActiveCfg = Debug|Any CPU
		{6A6DB3C4-530B-4AB2-891F-4BAF3777251A}.Debug|Any CPU.Build.0 = Debug|Any CPU
		{6A6DB3C4-530B-4AB2-891F-4BAF3777251A}.Release|Any CPU.ActiveCfg = Release|Any CPU
		{6A6DB3C4-530B-4AB2-891F-4BAF3777251A}.Release|Any CPU.Build.0 = Release|Any CPU
		{C31C76FE-6EDE-4D96-945F-1E11C1FA75ED}.Debug|Any CPU.ActiveCfg = Debug|Any CPU
		{C31C76FE-6EDE-4D96-945F-1E11C1FA75ED}.Debug|Any CPU.Build.0 = Debug|Any CPU
		{C31C76FE-6EDE-4D96-945F-1E11C1FA75ED}.Release|Any CPU.ActiveCfg = Release|Any CPU
		{C31C76FE-6EDE-4D96-945F-1E11C1FA75ED}.Release|Any CPU.Build.0 = Release|Any CPU
		{11D06CE5-CD99-4C40-9313-C7AEC09CA82F}.Debug|Any CPU.ActiveCfg = Debug|Any CPU
		{11D06CE5-CD99-4C40-9313-C7AEC09CA82F}.Debug|Any CPU.Build.0 = Debug|Any CPU
		{11D06CE5-CD99-4C40-9313-C7AEC09CA82F}.Release|Any CPU.ActiveCfg = Release|Any CPU
		{11D06CE5-CD99-4C40-9313-C7AEC09CA82F}.Release|Any CPU.Build.0 = Release|Any CPU
		{6BDE6FD6-1DED-43DE-8825-0B161613C186}.Debug|Any CPU.ActiveCfg = Debug|Any CPU
		{6BDE6FD6-1DED-43DE-8825-0B161613C186}.Debug|Any CPU.Build.0 = Debug|Any CPU
		{6BDE6FD6-1DED-43DE-8825-0B161613C186}.Release|Any CPU.ActiveCfg = Release|Any CPU
		{6BDE6FD6-1DED-43DE-8825-0B161613C186}.Release|Any CPU.Build.0 = Release|Any CPU
	EndGlobalSection
	GlobalSection(SolutionProperties) = preSolution
		HideSolutionNode = FALSE
	EndGlobalSection
	GlobalSection(NestedProjects) = preSolution
		{D4E9A02D-9CFE-451E-8247-8CEC3536E490} = {E29DA8F3-D859-49D5-85C4-7DFE848DDE27}
		{DB6CFD8C-3122-4CAC-B2A1-D9A4182923EB} = {DB45FB4E-957C-4A14-8821-35418EEB474D}
		{76D640BD-A6E3-4A17-8FCD-C0BC7354DE57} = {8DE9189E-1864-4981-BB80-316D44F4E2FD}
		{6A6DB3C4-530B-4AB2-891F-4BAF3777251A} = {E29DA8F3-D859-49D5-85C4-7DFE848DDE27}
		{C31C76FE-6EDE-4D96-945F-1E11C1FA75ED} = {A5A84AA0-0B34-4BA3-B8F0-3AB3DDF9DB40}
		{11D06CE5-CD99-4C40-9313-C7AEC09CA82F} = {DB45FB4E-957C-4A14-8821-35418EEB474D}
		{6BDE6FD6-1DED-43DE-8825-0B161613C186} = {A5A84AA0-0B34-4BA3-B8F0-3AB3DDF9DB40}
	EndGlobalSection
	GlobalSection(MonoDevelopProperties) = preSolution
		Policies = $0
		$0.DotNetNamingPolicy = $1
		$1.DirectoryNamespaceAssociation = PrefixedHierarchical
		$0.TextStylePolicy = $9
	EndGlobalSection
EndGlobal
