
Microsoft Visual Studio Solution File, Format Version 12.00
# Visual Studio Version 16
VisualStudioVersion = 25.0.1704.3
MinimumVisualStudioVersion = 10.0.40219.1
Project("{FAE04EC0-301F-11D3-BF4B-00C04F79EFBC}") = "RuiSantos.ZocDoc.Core", "RuiSantos.ZocDoc.Core\RuiSantos.ZocDoc.Core.csproj", "{43693538-CBC0-4939-8361-3E9358711CFB}"
EndProject
Project("{FAE04EC0-301F-11D3-BF4B-00C04F79EFBC}") = "RuiSantos.ZocDoc.Data.Mongodb", "RuiSantos.ZocDoc.Data.Mongodb\RuiSantos.ZocDoc.Data.Mongodb.csproj", "{20508524-6EF7-4230-B329-8DB02946C299}"
EndProject
Project("{FAE04EC0-301F-11D3-BF4B-00C04F79EFBC}") = "RuiSantos.ZocDoc.Api", "RuiSantos.ZocDoc.Api\RuiSantos.ZocDoc.Api.csproj", "{2BE490C6-624E-4300-97FA-76790D6E6867}"
EndProject
Project("{FAE04EC0-301F-11D3-BF4B-00C04F79EFBC}") = "RuiSantos.ZocDoc.Core.Tests", "RuiSantos.ZocDoc.Core.Tests\RuiSantos.ZocDoc.Core.Tests.csproj", "{4DF52B38-5E41-4B9A-8CA5-3FCD360A0BCB}"
EndProject
Global
	GlobalSection(SolutionConfigurationPlatforms) = preSolution
		Debug|Any CPU = Debug|Any CPU
		Release|Any CPU = Release|Any CPU
	EndGlobalSection
	GlobalSection(ProjectConfigurationPlatforms) = postSolution
		{43693538-CBC0-4939-8361-3E9358711CFB}.Debug|Any CPU.ActiveCfg = Debug|Any CPU
		{43693538-CBC0-4939-8361-3E9358711CFB}.Debug|Any CPU.Build.0 = Debug|Any CPU
		{43693538-CBC0-4939-8361-3E9358711CFB}.Release|Any CPU.ActiveCfg = Release|Any CPU
		{43693538-CBC0-4939-8361-3E9358711CFB}.Release|Any CPU.Build.0 = Release|Any CPU
		{20508524-6EF7-4230-B329-8DB02946C299}.Debug|Any CPU.ActiveCfg = Debug|Any CPU
		{20508524-6EF7-4230-B329-8DB02946C299}.Debug|Any CPU.Build.0 = Debug|Any CPU
		{20508524-6EF7-4230-B329-8DB02946C299}.Release|Any CPU.ActiveCfg = Release|Any CPU
		{20508524-6EF7-4230-B329-8DB02946C299}.Release|Any CPU.Build.0 = Release|Any CPU
		{2BE490C6-624E-4300-97FA-76790D6E6867}.Debug|Any CPU.ActiveCfg = Debug|Any CPU
		{2BE490C6-624E-4300-97FA-76790D6E6867}.Debug|Any CPU.Build.0 = Debug|Any CPU
		{2BE490C6-624E-4300-97FA-76790D6E6867}.Release|Any CPU.ActiveCfg = Release|Any CPU
		{2BE490C6-624E-4300-97FA-76790D6E6867}.Release|Any CPU.Build.0 = Release|Any CPU
		{4DF52B38-5E41-4B9A-8CA5-3FCD360A0BCB}.Debug|Any CPU.ActiveCfg = Debug|Any CPU
		{4DF52B38-5E41-4B9A-8CA5-3FCD360A0BCB}.Debug|Any CPU.Build.0 = Debug|Any CPU
		{4DF52B38-5E41-4B9A-8CA5-3FCD360A0BCB}.Release|Any CPU.ActiveCfg = Release|Any CPU
		{4DF52B38-5E41-4B9A-8CA5-3FCD360A0BCB}.Release|Any CPU.Build.0 = Release|Any CPU
	EndGlobalSection
	GlobalSection(SolutionProperties) = preSolution
		HideSolutionNode = FALSE
	EndGlobalSection
	GlobalSection(ExtensibilityGlobals) = postSolution
		SolutionGuid = {9AB00EA6-452D-457B-A611-084BE4E09C4D}
	EndGlobalSection
EndGlobal
